// !$*UTF8*$!
{
	archiveVersion = 1;
	classes = {
	};
	objectVersion = 56;
	objects = {

/* Begin PBXBuildFile section */
		6066F59A293D4D15005F83B2 /* Post.swift in Sources */ = {isa = PBXBuildFile; fileRef = 6066F599293D4D15005F83B2 /* Post.swift */; };
		6066F59C293D5256005F83B2 /* Enums.swift in Sources */ = {isa = PBXBuildFile; fileRef = 6066F59B293D5256005F83B2 /* Enums.swift */; };
		6066F59E293D61D5005F83B2 /* User.swift in Sources */ = {isa = PBXBuildFile; fileRef = 6066F59D293D61D5005F83B2 /* User.swift */; };
		6066F5A0293D76E0005F83B2 /* Poster.swift in Sources */ = {isa = PBXBuildFile; fileRef = 6066F59F293D76E0005F83B2 /* Poster.swift */; };
		606D7C1C293FE18300F4E558 /* .gitignore in Resources */ = {isa = PBXBuildFile; fileRef = 606D7C1B293FE18300F4E558 /* .gitignore */; };
		60A1749629413D7800490E55 /* Settiing.swift in Sources */ = {isa = PBXBuildFile; fileRef = 60A1749529413D7800490E55 /* Settiing.swift */; };
		60A1749929414F0100490E55 /* FileManager+Extensions.swift in Sources */ = {isa = PBXBuildFile; fileRef = 60A1749829414F0100490E55 /* FileManager+Extensions.swift */; };
		9405128D2943D1E00016A950 /* ForgotPasswordViewController.swift in Sources */ = {isa = PBXBuildFile; fileRef = 9405128C2943D1E00016A950 /* ForgotPasswordViewController.swift */; };
		9412A44A29427AC700F3EB45 /* LogInViewController.swift in Sources */ = {isa = PBXBuildFile; fileRef = 9412A44929427AC700F3EB45 /* LogInViewController.swift */; };
		9412A44C29427E8600F3EB45 /* SignUpViewController.swift in Sources */ = {isa = PBXBuildFile; fileRef = 9412A44B29427E8600F3EB45 /* SignUpViewController.swift */; };
		94770665293AC9D700CFA877 /* AppDelegate.swift in Sources */ = {isa = PBXBuildFile; fileRef = 94770664293AC9D700CFA877 /* AppDelegate.swift */; };
		94770667293AC9D700CFA877 /* SceneDelegate.swift in Sources */ = {isa = PBXBuildFile; fileRef = 94770666293AC9D700CFA877 /* SceneDelegate.swift */; };
		94770669293AC9D700CFA877 /* ViewController.swift in Sources */ = {isa = PBXBuildFile; fileRef = 94770668293AC9D700CFA877 /* ViewController.swift */; };
		9477066C293AC9D700CFA877 /* Main.storyboard in Resources */ = {isa = PBXBuildFile; fileRef = 9477066A293AC9D700CFA877 /* Main.storyboard */; };
		9477066E293AC9D800CFA877 /* Assets.xcassets in Resources */ = {isa = PBXBuildFile; fileRef = 9477066D293AC9D800CFA877 /* Assets.xcassets */; };
		94770671293AC9D800CFA877 /* LaunchScreen.storyboard in Resources */ = {isa = PBXBuildFile; fileRef = 9477066F293AC9D800CFA877 /* LaunchScreen.storyboard */; };
/* End PBXBuildFile section */

/* Begin PBXFileReference section */
		6066F599293D4D15005F83B2 /* Post.swift */ = {isa = PBXFileReference; lastKnownFileType = sourcecode.swift; path = Post.swift; sourceTree = "<group>"; };
		6066F59B293D5256005F83B2 /* Enums.swift */ = {isa = PBXFileReference; lastKnownFileType = sourcecode.swift; path = Enums.swift; sourceTree = "<group>"; };
		6066F59D293D61D5005F83B2 /* User.swift */ = {isa = PBXFileReference; lastKnownFileType = sourcecode.swift; path = User.swift; sourceTree = "<group>"; };
		6066F59F293D76E0005F83B2 /* Poster.swift */ = {isa = PBXFileReference; lastKnownFileType = sourcecode.swift; path = Poster.swift; sourceTree = "<group>"; };
		606D7C1B293FE18300F4E558 /* .gitignore */ = {isa = PBXFileReference; fileEncoding = 4; lastKnownFileType = text; path = .gitignore; sourceTree = "<group>"; };
		60A1749529413D7800490E55 /* Settiing.swift */ = {isa = PBXFileReference; lastKnownFileType = sourcecode.swift; path = Settiing.swift; sourceTree = "<group>"; };
		60A1749829414F0100490E55 /* FileManager+Extensions.swift */ = {isa = PBXFileReference; lastKnownFileType = sourcecode.swift; path = "FileManager+Extensions.swift"; sourceTree = "<group>"; };
		9405128C2943D1E00016A950 /* ForgotPasswordViewController.swift */ = {isa = PBXFileReference; lastKnownFileType = sourcecode.swift; path = ForgotPasswordViewController.swift; sourceTree = "<group>"; };
		9412A44929427AC700F3EB45 /* LogInViewController.swift */ = {isa = PBXFileReference; lastKnownFileType = sourcecode.swift; path = LogInViewController.swift; sourceTree = "<group>"; };
		9412A44B29427E8600F3EB45 /* SignUpViewController.swift */ = {isa = PBXFileReference; lastKnownFileType = sourcecode.swift; path = SignUpViewController.swift; sourceTree = "<group>"; };
		94770661293AC9D700CFA877 /* BookDiary.app */ = {isa = PBXFileReference; explicitFileType = wrapper.application; includeInIndex = 0; path = BookDiary.app; sourceTree = BUILT_PRODUCTS_DIR; };
		94770664293AC9D700CFA877 /* AppDelegate.swift */ = {isa = PBXFileReference; lastKnownFileType = sourcecode.swift; path = AppDelegate.swift; sourceTree = "<group>"; };
		94770666293AC9D700CFA877 /* SceneDelegate.swift */ = {isa = PBXFileReference; lastKnownFileType = sourcecode.swift; path = SceneDelegate.swift; sourceTree = "<group>"; };
		94770668293AC9D700CFA877 /* ViewController.swift */ = {isa = PBXFileReference; lastKnownFileType = sourcecode.swift; path = ViewController.swift; sourceTree = "<group>"; };
		9477066B293AC9D700CFA877 /* Base */ = {isa = PBXFileReference; lastKnownFileType = file.storyboard; name = Base; path = Base.lproj/Main.storyboard; sourceTree = "<group>"; };
		9477066D293AC9D800CFA877 /* Assets.xcassets */ = {isa = PBXFileReference; lastKnownFileType = folder.assetcatalog; path = Assets.xcassets; sourceTree = "<group>"; };
		94770670293AC9D800CFA877 /* Base */ = {isa = PBXFileReference; lastKnownFileType = file.storyboard; name = Base; path = Base.lproj/LaunchScreen.storyboard; sourceTree = "<group>"; };
		94770672293AC9D800CFA877 /* Info.plist */ = {isa = PBXFileReference; lastKnownFileType = text.plist.xml; path = Info.plist; sourceTree = "<group>"; };
/* End PBXFileReference section */

/* Begin PBXFrameworksBuildPhase section */
		9477065E293AC9D700CFA877 /* Frameworks */ = {
			isa = PBXFrameworksBuildPhase;
			buildActionMask = 2147483647;
			files = (
			);
			runOnlyForDeploymentPostprocessing = 0;
		};
/* End PBXFrameworksBuildPhase section */

/* Begin PBXGroup section */
		60A1749729414EC500490E55 /* Extensions */ = {
			isa = PBXGroup;
			children = (
				60A1749829414F0100490E55 /* FileManager+Extensions.swift */,
			);
			path = Extensions;
			sourceTree = "<group>";
		};
		60F8D49F293BBD2B00CCADF9 /* Model */ = {
			isa = PBXGroup;
			children = (
				6066F599293D4D15005F83B2 /* Post.swift */,
				6066F59B293D5256005F83B2 /* Enums.swift */,
				6066F59D293D61D5005F83B2 /* User.swift */,
				6066F59F293D76E0005F83B2 /* Poster.swift */,
				60A1749529413D7800490E55 /* Settiing.swift */,
			);
			path = Model;
			sourceTree = "<group>";
		};
		94770658293AC9D700CFA877 = {
			isa = PBXGroup;
			children = (
				606D7C1B293FE18300F4E558 /* .gitignore */,
				94770663293AC9D700CFA877 /* BookDiary */,
				94770662293AC9D700CFA877 /* Products */,
			);
			sourceTree = "<group>";
		};
		94770662293AC9D700CFA877 /* Products */ = {
			isa = PBXGroup;
			children = (
				94770661293AC9D700CFA877 /* BookDiary.app */,
			);
			name = Products;
			sourceTree = "<group>";
		};
		94770663293AC9D700CFA877 /* BookDiary */ = {
			isa = PBXGroup;
			children = (
				60A1749729414EC500490E55 /* Extensions */,
				60F8D49F293BBD2B00CCADF9 /* Model */,
				94770664293AC9D700CFA877 /* AppDelegate.swift */,
				94770666293AC9D700CFA877 /* SceneDelegate.swift */,
				94770668293AC9D700CFA877 /* ViewController.swift */,
				9412A44929427AC700F3EB45 /* LogInViewController.swift */,
				9412A44B29427E8600F3EB45 /* SignUpViewController.swift */,
				9405128C2943D1E00016A950 /* ForgotPasswordViewController.swift */,
				9477066A293AC9D700CFA877 /* Main.storyboard */,
				9477066D293AC9D800CFA877 /* Assets.xcassets */,
				9477066F293AC9D800CFA877 /* LaunchScreen.storyboard */,
				94770672293AC9D800CFA877 /* Info.plist */,
			);
			path = BookDiary;
			sourceTree = "<group>";
		};
/* End PBXGroup section */

/* Begin PBXNativeTarget section */
		94770660293AC9D700CFA877 /* BookDiary */ = {
			isa = PBXNativeTarget;
			buildConfigurationList = 94770675293AC9D800CFA877 /* Build configuration list for PBXNativeTarget "BookDiary" */;
			buildPhases = (
				9477065D293AC9D700CFA877 /* Sources */,
				9477065E293AC9D700CFA877 /* Frameworks */,
				9477065F293AC9D700CFA877 /* Resources */,
			);
			buildRules = (
			);
			dependencies = (
			);
			name = BookDiary;
			productName = BookDiary;
			productReference = 94770661293AC9D700CFA877 /* BookDiary.app */;
			productType = "com.apple.product-type.application";
		};
/* End PBXNativeTarget section */

/* Begin PBXProject section */
		94770659293AC9D700CFA877 /* Project object */ = {
			isa = PBXProject;
			attributes = {
				BuildIndependentTargetsInParallel = 1;
				LastSwiftUpdateCheck = 1410;
				LastUpgradeCheck = 1410;
				TargetAttributes = {
					94770660293AC9D700CFA877 = {
						CreatedOnToolsVersion = 14.1;
					};
				};
			};
			buildConfigurationList = 9477065C293AC9D700CFA877 /* Build configuration list for PBXProject "BookDiary" */;
			compatibilityVersion = "Xcode 14.0";
			developmentRegion = en;
			hasScannedForEncodings = 0;
			knownRegions = (
				en,
				Base,
			);
			mainGroup = 94770658293AC9D700CFA877;
			productRefGroup = 94770662293AC9D700CFA877 /* Products */;
			projectDirPath = "";
			projectRoot = "";
			targets = (
				94770660293AC9D700CFA877 /* BookDiary */,
			);
		};
/* End PBXProject section */

/* Begin PBXResourcesBuildPhase section */
		9477065F293AC9D700CFA877 /* Resources */ = {
			isa = PBXResourcesBuildPhase;
			buildActionMask = 2147483647;
			files = (
				606D7C1C293FE18300F4E558 /* .gitignore in Resources */,
				94770671293AC9D800CFA877 /* LaunchScreen.storyboard in Resources */,
				9477066E293AC9D800CFA877 /* Assets.xcassets in Resources */,
				9477066C293AC9D700CFA877 /* Main.storyboard in Resources */,
			);
			runOnlyForDeploymentPostprocessing = 0;
		};
/* End PBXResourcesBuildPhase section */

/* Begin PBXSourcesBuildPhase section */
		9477065D293AC9D700CFA877 /* Sources */ = {
			isa = PBXSourcesBuildPhase;
			buildActionMask = 2147483647;
			files = (
				9412A44C29427E8600F3EB45 /* SignUpViewController.swift in Sources */,
				60A1749629413D7800490E55 /* Settiing.swift in Sources */,
				6066F59E293D61D5005F83B2 /* User.swift in Sources */,
				6066F59C293D5256005F83B2 /* Enums.swift in Sources */,
				6066F5A0293D76E0005F83B2 /* Poster.swift in Sources */,
				94770669293AC9D700CFA877 /* ViewController.swift in Sources */,
				6066F59A293D4D15005F83B2 /* Post.swift in Sources */,
				94770665293AC9D700CFA877 /* AppDelegate.swift in Sources */,
				9405128D2943D1E00016A950 /* ForgotPasswordViewController.swift in Sources */,
				94770667293AC9D700CFA877 /* SceneDelegate.swift in Sources */,
				9412A44A29427AC700F3EB45 /* LogInViewController.swift in Sources */,
				60A1749929414F0100490E55 /* FileManager+Extensions.swift in Sources */,
			);
			runOnlyForDeploymentPostprocessing = 0;
		};
/* End PBXSourcesBuildPhase section */

/* Begin PBXVariantGroup section */
		9477066A293AC9D700CFA877 /* Main.storyboard */ = {
			isa = PBXVariantGroup;
			children = (
				9477066B293AC9D700CFA877 /* Base */,
			);
			name = Main.storyboard;
			sourceTree = "<group>";
		};
		9477066F293AC9D800CFA877 /* LaunchScreen.storyboard */ = {
			isa = PBXVariantGroup;
			children = (
				94770670293AC9D800CFA877 /* Base */,
			);
			name = LaunchScreen.storyboard;
			sourceTree = "<group>";
		};
/* End PBXVariantGroup section */

/* Begin XCBuildConfiguration section */
		94770673293AC9D800CFA877 /* Debug */ = {
			isa = XCBuildConfiguration;
			buildSettings = {
				ALWAYS_SEARCH_USER_PATHS = NO;
				CLANG_ANALYZER_NONNULL = YES;
				CLANG_ANALYZER_NUMBER_OBJECT_CONVERSION = YES_AGGRESSIVE;
				CLANG_CXX_LANGUAGE_STANDARD = "gnu++20";
				CLANG_ENABLE_MODULES = YES;
				CLANG_ENABLE_OBJC_ARC = YES;
				CLANG_ENABLE_OBJC_WEAK = YES;
				CLANG_WARN_BLOCK_CAPTURE_AUTORELEASING = YES;
				CLANG_WARN_BOOL_CONVERSION = YES;
				CLANG_WARN_COMMA = YES;
				CLANG_WARN_CONSTANT_CONVERSION = YES;
				CLANG_WARN_DEPRECATED_OBJC_IMPLEMENTATIONS = YES;
				CLANG_WARN_DIRECT_OBJC_ISA_USAGE = YES_ERROR;
				CLANG_WARN_DOCUMENTATION_COMMENTS = YES;
				CLANG_WARN_EMPTY_BODY = YES;
				CLANG_WARN_ENUM_CONVERSION = YES;
				CLANG_WARN_INFINITE_RECURSION = YES;
				CLANG_WARN_INT_CONVERSION = YES;
				CLANG_WARN_NON_LITERAL_NULL_CONVERSION = YES;
				CLANG_WARN_OBJC_IMPLICIT_RETAIN_SELF = YES;
				CLANG_WARN_OBJC_LITERAL_CONVERSION = YES;
				CLANG_WARN_OBJC_ROOT_CLASS = YES_ERROR;
				CLANG_WARN_QUOTED_INCLUDE_IN_FRAMEWORK_HEADER = YES;
				CLANG_WARN_RANGE_LOOP_ANALYSIS = YES;
				CLANG_WARN_STRICT_PROTOTYPES = YES;
				CLANG_WARN_SUSPICIOUS_MOVE = YES;
				CLANG_WARN_UNGUARDED_AVAILABILITY = YES_AGGRESSIVE;
				CLANG_WARN_UNREACHABLE_CODE = YES;
				CLANG_WARN__DUPLICATE_METHOD_MATCH = YES;
				COPY_PHASE_STRIP = NO;
				DEBUG_INFORMATION_FORMAT = dwarf;
				ENABLE_STRICT_OBJC_MSGSEND = YES;
				ENABLE_TESTABILITY = YES;
				GCC_C_LANGUAGE_STANDARD = gnu11;
				GCC_DYNAMIC_NO_PIC = NO;
				GCC_NO_COMMON_BLOCKS = YES;
				GCC_OPTIMIZATION_LEVEL = 0;
				GCC_PREPROCESSOR_DEFINITIONS = (
					"DEBUG=1",
					"$(inherited)",
				);
				GCC_WARN_64_TO_32_BIT_CONVERSION = YES;
				GCC_WARN_ABOUT_RETURN_TYPE = YES_ERROR;
				GCC_WARN_UNDECLARED_SELECTOR = YES;
				GCC_WARN_UNINITIALIZED_AUTOS = YES_AGGRESSIVE;
				GCC_WARN_UNUSED_FUNCTION = YES;
				GCC_WARN_UNUSED_VARIABLE = YES;
				IPHONEOS_DEPLOYMENT_TARGET = 16.1;
				MTL_ENABLE_DEBUG_INFO = INCLUDE_SOURCE;
				MTL_FAST_MATH = YES;
				ONLY_ACTIVE_ARCH = YES;
				SDKROOT = iphoneos;
				SWIFT_ACTIVE_COMPILATION_CONDITIONS = DEBUG;
				SWIFT_OPTIMIZATION_LEVEL = "-Onone";
			};
			name = Debug;
		};
		94770674293AC9D800CFA877 /* Release */ = {
			isa = XCBuildConfiguration;
			buildSettings = {
				ALWAYS_SEARCH_USER_PATHS = NO;
				CLANG_ANALYZER_NONNULL = YES;
				CLANG_ANALYZER_NUMBER_OBJECT_CONVERSION = YES_AGGRESSIVE;
				CLANG_CXX_LANGUAGE_STANDARD = "gnu++20";
				CLANG_ENABLE_MODULES = YES;
				CLANG_ENABLE_OBJC_ARC = YES;
				CLANG_ENABLE_OBJC_WEAK = YES;
				CLANG_WARN_BLOCK_CAPTURE_AUTORELEASING = YES;
				CLANG_WARN_BOOL_CONVERSION = YES;
				CLANG_WARN_COMMA = YES;
				CLANG_WARN_CONSTANT_CONVERSION = YES;
				CLANG_WARN_DEPRECATED_OBJC_IMPLEMENTATIONS = YES;
				CLANG_WARN_DIRECT_OBJC_ISA_USAGE = YES_ERROR;
				CLANG_WARN_DOCUMENTATION_COMMENTS = YES;
				CLANG_WARN_EMPTY_BODY = YES;
				CLANG_WARN_ENUM_CONVERSION = YES;
				CLANG_WARN_INFINITE_RECURSION = YES;
				CLANG_WARN_INT_CONVERSION = YES;
				CLANG_WARN_NON_LITERAL_NULL_CONVERSION = YES;
				CLANG_WARN_OBJC_IMPLICIT_RETAIN_SELF = YES;
				CLANG_WARN_OBJC_LITERAL_CONVERSION = YES;
				CLANG_WARN_OBJC_ROOT_CLASS = YES_ERROR;
				CLANG_WARN_QUOTED_INCLUDE_IN_FRAMEWORK_HEADER = YES;
				CLANG_WARN_RANGE_LOOP_ANALYSIS = YES;
				CLANG_WARN_STRICT_PROTOTYPES = YES;
				CLANG_WARN_SUSPICIOUS_MOVE = YES;
				CLANG_WARN_UNGUARDED_AVAILABILITY = YES_AGGRESSIVE;
				CLANG_WARN_UNREACHABLE_CODE = YES;
				CLANG_WARN__DUPLICATE_METHOD_MATCH = YES;
				COPY_PHASE_STRIP = NO;
				DEBUG_INFORMATION_FORMAT = "dwarf-with-dsym";
				ENABLE_NS_ASSERTIONS = NO;
				ENABLE_STRICT_OBJC_MSGSEND = YES;
				GCC_C_LANGUAGE_STANDARD = gnu11;
				GCC_NO_COMMON_BLOCKS = YES;
				GCC_WARN_64_TO_32_BIT_CONVERSION = YES;
				GCC_WARN_ABOUT_RETURN_TYPE = YES_ERROR;
				GCC_WARN_UNDECLARED_SELECTOR = YES;
				GCC_WARN_UNINITIALIZED_AUTOS = YES_AGGRESSIVE;
				GCC_WARN_UNUSED_FUNCTION = YES;
				GCC_WARN_UNUSED_VARIABLE = YES;
				IPHONEOS_DEPLOYMENT_TARGET = 16.1;
				MTL_ENABLE_DEBUG_INFO = NO;
				MTL_FAST_MATH = YES;
				SDKROOT = iphoneos;
				SWIFT_COMPILATION_MODE = wholemodule;
				SWIFT_OPTIMIZATION_LEVEL = "-O";
				VALIDATE_PRODUCT = YES;
			};
			name = Release;
		};
		94770676293AC9D800CFA877 /* Debug */ = {
			isa = XCBuildConfiguration;
			buildSettings = {
				ASSETCATALOG_COMPILER_APPICON_NAME = AppIcon;
				ASSETCATALOG_COMPILER_GLOBAL_ACCENT_COLOR_NAME = AccentColor;
				CODE_SIGN_STYLE = Automatic;
				CURRENT_PROJECT_VERSION = 1;
				DEVELOPMENT_TEAM = 26666M9T3Z;
				GENERATE_INFOPLIST_FILE = YES;
				INFOPLIST_FILE = BookDiary/Info.plist;
				INFOPLIST_KEY_UIApplicationSupportsIndirectInputEvents = YES;
				INFOPLIST_KEY_UILaunchStoryboardName = LaunchScreen;
				INFOPLIST_KEY_UIMainStoryboardFile = Main;
				INFOPLIST_KEY_UISupportedInterfaceOrientations_iPad = "UIInterfaceOrientationPortrait UIInterfaceOrientationPortraitUpsideDown UIInterfaceOrientationLandscapeLeft UIInterfaceOrientationLandscapeRight";
				INFOPLIST_KEY_UISupportedInterfaceOrientations_iPhone = "UIInterfaceOrientationPortrait UIInterfaceOrientationLandscapeLeft UIInterfaceOrientationLandscapeRight";
				LD_RUNPATH_SEARCH_PATHS = (
					"$(inherited)",
					"@executable_path/Frameworks",
				);
				MARKETING_VERSION = 1.0;
				PRODUCT_BUNDLE_IDENTIFIER = com.hirokimnm.BookDiary;
				PRODUCT_NAME = "$(TARGET_NAME)";
				SWIFT_EMIT_LOC_STRINGS = YES;
				SWIFT_VERSION = 5.0;
				TARGETED_DEVICE_FAMILY = "1,2";
			};
			name = Debug;
		};
		94770677293AC9D800CFA877 /* Release */ = {
			isa = XCBuildConfiguration;
			buildSettings = {
				ASSETCATALOG_COMPILER_APPICON_NAME = AppIcon;
				ASSETCATALOG_COMPILER_GLOBAL_ACCENT_COLOR_NAME = AccentColor;
				CODE_SIGN_STYLE = Automatic;
				CURRENT_PROJECT_VERSION = 1;
				DEVELOPMENT_TEAM = 26666M9T3Z;
				GENERATE_INFOPLIST_FILE = YES;
				INFOPLIST_FILE = BookDiary/Info.plist;
				INFOPLIST_KEY_UIApplicationSupportsIndirectInputEvents = YES;
				INFOPLIST_KEY_UILaunchStoryboardName = LaunchScreen;
				INFOPLIST_KEY_UIMainStoryboardFile = Main;
				INFOPLIST_KEY_UISupportedInterfaceOrientations_iPad = "UIInterfaceOrientationPortrait UIInterfaceOrientationPortraitUpsideDown UIInterfaceOrientationLandscapeLeft UIInterfaceOrientationLandscapeRight";
				INFOPLIST_KEY_UISupportedInterfaceOrientations_iPhone = "UIInterfaceOrientationPortrait UIInterfaceOrientationLandscapeLeft UIInterfaceOrientationLandscapeRight";
				LD_RUNPATH_SEARCH_PATHS = (
					"$(inherited)",
					"@executable_path/Frameworks",
				);
				MARKETING_VERSION = 1.0;
				PRODUCT_BUNDLE_IDENTIFIER = com.hirokimnm.BookDiary;
				PRODUCT_NAME = "$(TARGET_NAME)";
				SWIFT_EMIT_LOC_STRINGS = YES;
				SWIFT_VERSION = 5.0;
				TARGETED_DEVICE_FAMILY = "1,2";
			};
			name = Release;
		};
/* End XCBuildConfiguration section */

/* Begin XCConfigurationList section */
		9477065C293AC9D700CFA877 /* Build configuration list for PBXProject "BookDiary" */ = {
			isa = XCConfigurationList;
			buildConfigurations = (
				94770673293AC9D800CFA877 /* Debug */,
				94770674293AC9D800CFA877 /* Release */,
			);
			defaultConfigurationIsVisible = 0;
			defaultConfigurationName = Release;
		};
		94770675293AC9D800CFA877 /* Build configuration list for PBXNativeTarget "BookDiary" */ = {
			isa = XCConfigurationList;
			buildConfigurations = (
				94770676293AC9D800CFA877 /* Debug */,
				94770677293AC9D800CFA877 /* Release */,
			);
			defaultConfigurationIsVisible = 0;
			defaultConfigurationName = Release;
		};
/* End XCConfigurationList section */
	};
	rootObject = 94770659293AC9D700CFA877 /* Project object */;
}
